
Microsoft Visual Studio Solution File, Format Version 12.00
# Visual Studio Version 17
VisualStudioVersion = 17.14.36310.24 d17.14
MinimumVisualStudioVersion = 10.0.40219.1
Project("{FAE04EC0-301F-11D3-BF4B-00C04F79EFBC}") = "Bankformcsapp", "Bankformcsapp.csproj", "{74EF9083-F63A-481E-B9E5-3D9D4C70A4B3}"
EndProject
Global
	GlobalSection(SolutionConfigurationPlatforms) = preSolution
		Debug|Any CPU = Debug|Any CPU
		Release|Any CPU = Release|Any CPU
	EndGlobalSection
	GlobalSection(ProjectConfigurationPlatforms) = postSolution
		{74EF9083-F63A-481E-B9E5-3D9D4C70A4B3}.Debug|Any CPU.ActiveCfg = Debug|Any CPU
		{74EF9083-F63A-481E-B9E5-3D9D4C70A4B3}.Debug|Any CPU.Build.0 = Debug|Any CPU
		{74EF9083-F63A-481E-B9E5-3D9D4C70A4B3}.Release|Any CPU.ActiveCfg = Release|Any CPU
		{74EF9083-F63A-481E-B9E5-3D9D4C70A4B3}.Release|Any CPU.Build.0 = Release|Any CPU
	EndGlobalSection
	GlobalSection(SolutionProperties) = preSolution
		HideSolutionNode = FALSE
	EndGlobalSection
	GlobalSection(ExtensibilityGlobals) = postSolution
		SolutionGuid = {49C97671-205A-4223-832F-02B03515F0FC}
	EndGlobalSection
EndGlobal
